
Microsoft Visual Studio Solution File, Format Version 12.00
# Visual Studio Version 16
VisualStudioVersion = 16.0.31229.75
MinimumVisualStudioVersion = 10.0.40219.1
Project("{2150E333-8FDC-42A3-9474-1A3956D46DE8}") = "Services", "Services", "{B5C851FD-BA58-4995-81E7-2C62DEA62517}"
EndProject
Project("{2150E333-8FDC-42A3-9474-1A3956D46DE8}") = "Catalog", "Catalog", "{8592E581-2F98-4930-AB7E-2142AB03E4CC}"
EndProject
Project("{9A19103F-16F7-4668-BE54-9A1E7A4F7556}") = "Catalog.API", "Services\Catalog\Catalog.API\Catalog.API.csproj", "{44AFA8E2-7064-4C02-A930-EF316C059B03}"
EndProject
Project("{E53339B2-1760-4266-BCC7-CA923CBCF16C}") = "docker-compose", "docker-compose.dcproj", "{F63AF0B7-1405-4526-9BDC-AFFC5A5F9254}"
EndProject
Project("{2150E333-8FDC-42A3-9474-1A3956D46DE8}") = "Basket", "Basket", "{8E0DAD48-47E5-47B6-9DC4-51BB02479EA6}"
EndProject
Project("{9A19103F-16F7-4668-BE54-9A1E7A4F7556}") = "Basket.API", "Services\Basket\Basket.API\Basket.API.csproj", "{FE7776EB-43A0-4FB9-98CE-7F81DCE52BFE}"
EndProject
Project("{2150E333-8FDC-42A3-9474-1A3956D46DE8}") = "Discount", "Discount", "{7B8DF6F4-A4CE-4004-A5D7-4607C0BB37F8}"
EndProject
Project("{9A19103F-16F7-4668-BE54-9A1E7A4F7556}") = "Discount.API", "Services\Discount\Discount.API\Discount.API.csproj", "{2B5C4FF4-E27F-4940-B0F3-351F4CABAE1A}"
EndProject
Project("{FAE04EC0-301F-11D3-BF4B-00C04F79EFBC}") = "Discount.grpc", "Services\Discount\Discount.grpc\Discount.grpc.csproj", "{EDAD9DBD-034B-4A19-8F94-ED342F44B697}"
EndProject
Project("{2150E333-8FDC-42A3-9474-1A3956D46DE8}") = "Ordering", "Ordering", "{BC2F80E2-75E6-4DAF-A70E-3EDD0EE3010F}"
EndProject
Project("{FAE04EC0-301F-11D3-BF4B-00C04F79EFBC}") = "Ordering.API", "Services\Ordering\Ordering.API\Ordering.API.csproj", "{7797B8FD-85E2-4A36-B20A-A465B65ABD95}"
EndProject
Project("{FAE04EC0-301F-11D3-BF4B-00C04F79EFBC}") = "Ordering.Domain", "Services\Ordering\Ordering.Domain\Ordering.Domain.csproj", "{B90EA3B4-6D35-4804-B034-2AD65552116C}"
EndProject
Project("{FAE04EC0-301F-11D3-BF4B-00C04F79EFBC}") = "Ordering.Infrastructure", "Services\Ordering\Ordering.Infrastructure\Ordering.Infrastructure.csproj", "{6ADA41B6-AC6C-4827-9271-310CB3E22F82}"
EndProject
Project("{FAE04EC0-301F-11D3-BF4B-00C04F79EFBC}") = "Ordering.Application", "Services\Ordering\Ordering.Application\Ordering.Application.csproj", "{790C2A9F-96A7-4D5F-B09D-633CB5743DCF}"
EndProject
Global
	GlobalSection(SolutionConfigurationPlatforms) = preSolution
		Debug|Any CPU = Debug|Any CPU
		Release|Any CPU = Release|Any CPU
	EndGlobalSection
	GlobalSection(ProjectConfigurationPlatforms) = postSolution
		{44AFA8E2-7064-4C02-A930-EF316C059B03}.Debug|Any CPU.ActiveCfg = Debug|Any CPU
		{44AFA8E2-7064-4C02-A930-EF316C059B03}.Debug|Any CPU.Build.0 = Debug|Any CPU
		{44AFA8E2-7064-4C02-A930-EF316C059B03}.Release|Any CPU.ActiveCfg = Release|Any CPU
		{44AFA8E2-7064-4C02-A930-EF316C059B03}.Release|Any CPU.Build.0 = Release|Any CPU
		{F63AF0B7-1405-4526-9BDC-AFFC5A5F9254}.Debug|Any CPU.ActiveCfg = Debug|Any CPU
		{F63AF0B7-1405-4526-9BDC-AFFC5A5F9254}.Debug|Any CPU.Build.0 = Debug|Any CPU
		{F63AF0B7-1405-4526-9BDC-AFFC5A5F9254}.Release|Any CPU.ActiveCfg = Release|Any CPU
		{F63AF0B7-1405-4526-9BDC-AFFC5A5F9254}.Release|Any CPU.Build.0 = Release|Any CPU
		{FE7776EB-43A0-4FB9-98CE-7F81DCE52BFE}.Debug|Any CPU.ActiveCfg = Debug|Any CPU
		{FE7776EB-43A0-4FB9-98CE-7F81DCE52BFE}.Debug|Any CPU.Build.0 = Debug|Any CPU
		{FE7776EB-43A0-4FB9-98CE-7F81DCE52BFE}.Release|Any CPU.ActiveCfg = Release|Any CPU
		{FE7776EB-43A0-4FB9-98CE-7F81DCE52BFE}.Release|Any CPU.Build.0 = Release|Any CPU
		{2B5C4FF4-E27F-4940-B0F3-351F4CABAE1A}.Debug|Any CPU.ActiveCfg = Debug|Any CPU
		{2B5C4FF4-E27F-4940-B0F3-351F4CABAE1A}.Debug|Any CPU.Build.0 = Debug|Any CPU
		{2B5C4FF4-E27F-4940-B0F3-351F4CABAE1A}.Release|Any CPU.ActiveCfg = Release|Any CPU
		{2B5C4FF4-E27F-4940-B0F3-351F4CABAE1A}.Release|Any CPU.Build.0 = Release|Any CPU
		{EDAD9DBD-034B-4A19-8F94-ED342F44B697}.Debug|Any CPU.ActiveCfg = Debug|Any CPU
		{EDAD9DBD-034B-4A19-8F94-ED342F44B697}.Debug|Any CPU.Build.0 = Debug|Any CPU
		{EDAD9DBD-034B-4A19-8F94-ED342F44B697}.Release|Any CPU.ActiveCfg = Release|Any CPU
		{EDAD9DBD-034B-4A19-8F94-ED342F44B697}.Release|Any CPU.Build.0 = Release|Any CPU
		{7797B8FD-85E2-4A36-B20A-A465B65ABD95}.Debug|Any CPU.ActiveCfg = Debug|Any CPU
		{7797B8FD-85E2-4A36-B20A-A465B65ABD95}.Debug|Any CPU.Build.0 = Debug|Any CPU
		{7797B8FD-85E2-4A36-B20A-A465B65ABD95}.Release|Any CPU.ActiveCfg = Release|Any CPU
		{7797B8FD-85E2-4A36-B20A-A465B65ABD95}.Release|Any CPU.Build.0 = Release|Any CPU
		{B90EA3B4-6D35-4804-B034-2AD65552116C}.Debug|Any CPU.ActiveCfg = Debug|Any CPU
		{B90EA3B4-6D35-4804-B034-2AD65552116C}.Debug|Any CPU.Build.0 = Debug|Any CPU
		{B90EA3B4-6D35-4804-B034-2AD65552116C}.Release|Any CPU.ActiveCfg = Release|Any CPU
		{B90EA3B4-6D35-4804-B034-2AD65552116C}.Release|Any CPU.Build.0 = Release|Any CPU
		{6ADA41B6-AC6C-4827-9271-310CB3E22F82}.Debug|Any CPU.ActiveCfg = Debug|Any CPU
		{6ADA41B6-AC6C-4827-9271-310CB3E22F82}.Debug|Any CPU.Build.0 = Debug|Any CPU
		{6ADA41B6-AC6C-4827-9271-310CB3E22F82}.Release|Any CPU.ActiveCfg = Release|Any CPU
		{6ADA41B6-AC6C-4827-9271-310CB3E22F82}.Release|Any CPU.Build.0 = Release|Any CPU
		{790C2A9F-96A7-4D5F-B09D-633CB5743DCF}.Debug|Any CPU.ActiveCfg = Debug|Any CPU
		{790C2A9F-96A7-4D5F-B09D-633CB5743DCF}.Debug|Any CPU.Build.0 = Debug|Any CPU
		{790C2A9F-96A7-4D5F-B09D-633CB5743DCF}.Release|Any CPU.ActiveCfg = Release|Any CPU
		{790C2A9F-96A7-4D5F-B09D-633CB5743DCF}.Release|Any CPU.Build.0 = Release|Any CPU
	EndGlobalSection
	GlobalSection(SolutionProperties) = preSolution
		HideSolutionNode = FALSE
	EndGlobalSection
	GlobalSection(NestedProjects) = preSolution
		{8592E581-2F98-4930-AB7E-2142AB03E4CC} = {B5C851FD-BA58-4995-81E7-2C62DEA62517}
		{44AFA8E2-7064-4C02-A930-EF316C059B03} = {8592E581-2F98-4930-AB7E-2142AB03E4CC}
		{8E0DAD48-47E5-47B6-9DC4-51BB02479EA6} = {B5C851FD-BA58-4995-81E7-2C62DEA62517}
		{FE7776EB-43A0-4FB9-98CE-7F81DCE52BFE} = {8E0DAD48-47E5-47B6-9DC4-51BB02479EA6}
		{7B8DF6F4-A4CE-4004-A5D7-4607C0BB37F8} = {B5C851FD-BA58-4995-81E7-2C62DEA62517}
		{2B5C4FF4-E27F-4940-B0F3-351F4CABAE1A} = {7B8DF6F4-A4CE-4004-A5D7-4607C0BB37F8}
		{EDAD9DBD-034B-4A19-8F94-ED342F44B697} = {7B8DF6F4-A4CE-4004-A5D7-4607C0BB37F8}
		{BC2F80E2-75E6-4DAF-A70E-3EDD0EE3010F} = {B5C851FD-BA58-4995-81E7-2C62DEA62517}
		{7797B8FD-85E2-4A36-B20A-A465B65ABD95} = {BC2F80E2-75E6-4DAF-A70E-3EDD0EE3010F}
		{B90EA3B4-6D35-4804-B034-2AD65552116C} = {BC2F80E2-75E6-4DAF-A70E-3EDD0EE3010F}
		{6ADA41B6-AC6C-4827-9271-310CB3E22F82} = {BC2F80E2-75E6-4DAF-A70E-3EDD0EE3010F}
		{790C2A9F-96A7-4D5F-B09D-633CB5743DCF} = {BC2F80E2-75E6-4DAF-A70E-3EDD0EE3010F}
	EndGlobalSection
	GlobalSection(ExtensibilityGlobals) = postSolution
		SolutionGuid = {57B7306F-A1A1-47C8-BD15-07BC9E074A87}
	EndGlobalSection
EndGlobal
